
Microsoft Visual Studio Solution File, Format Version 12.00
# Visual Studio 15
VisualStudioVersion = 15.0.28307.572
MinimumVisualStudioVersion = 10.0.40219.1
Project("{FAE04EC0-301F-11D3-BF4B-00C04F79EFBC}") = "newTTSproject", "newTTSproject\newTTSproject.csproj", "{3DB43786-C261-43CB-AF74-0091854BE292}"
EndProject
Global
	GlobalSection(SolutionConfigurationPlatforms) = preSolution
		Debug|Any CPU = Debug|Any CPU
		Release|Any CPU = Release|Any CPU
	EndGlobalSection
	GlobalSection(ProjectConfigurationPlatforms) = postSolution
		{3DB43786-C261-43CB-AF74-0091854BE292}.Debug|Any CPU.ActiveCfg = Debug|Any CPU
		{3DB43786-C261-43CB-AF74-0091854BE292}.Debug|Any CPU.Build.0 = Debug|Any CPU
		{3DB43786-C261-43CB-AF74-0091854BE292}.Release|Any CPU.ActiveCfg = Release|Any CPU
		{3DB43786-C261-43CB-AF74-0091854BE292}.Release|Any CPU.Build.0 = Release|Any CPU
	EndGlobalSection
	GlobalSection(SolutionProperties) = preSolution
		HideSolutionNode = FALSE
	EndGlobalSection
	GlobalSection(ExtensibilityGlobals) = postSolution
		SolutionGuid = {A89494E5-09A4-4DC5-B1B9-77A13F74A18A}
	EndGlobalSection
EndGlobal
